
Microsoft Visual Studio Solution File, Format Version 12.00
# Visual Studio Version 17
VisualStudioVersion = 17.6.33801.468
MinimumVisualStudioVersion = 10.0.40219.1
Project("{FAE04EC0-301F-11D3-BF4B-00C04F79EFBC}") = "NLayer.Core", "NLayer.Core\NLayer.Core.csproj", "{FF1C7139-8113-48B9-A186-E514758BC18B}"
EndProject
Project("{FAE04EC0-301F-11D3-BF4B-00C04F79EFBC}") = "NLayer.Repository", "NLayer.Repository\NLayer.Repository.csproj", "{07F21578-7FCD-441E-A7CF-755B69AFE416}"
EndProject
Project("{FAE04EC0-301F-11D3-BF4B-00C04F79EFBC}") = "NLayer.Service", "NLayer.Service\NLayer.Service.csproj", "{6E5F24B1-FA82-4CC8-B888-7BC840956B23}"
EndProject
Project("{FAE04EC0-301F-11D3-BF4B-00C04F79EFBC}") = "NLayer.API", "NLayer.API\NLayer.API.csproj", "{E50992AC-B28D-461C-B39F-4E87FD876C5A}"
EndProject
Project("{FAE04EC0-301F-11D3-BF4B-00C04F79EFBC}") = "NLayer.Web", "NLayer.Web\NLayer.Web.csproj", "{D166B8E5-E084-4CF2-B6D2-BFCA4B43D144}"
EndProject
Project("{FAE04EC0-301F-11D3-BF4B-00C04F79EFBC}") = "NLayer.Caching", "NLayer.Caching\NLayer.Caching.csproj", "{DC6CD1AC-4104-40CC-949F-3F5316A900A8}"
EndProject
Global
	GlobalSection(SolutionConfigurationPlatforms) = preSolution
		Debug|Any CPU = Debug|Any CPU
		Release|Any CPU = Release|Any CPU
	EndGlobalSection
	GlobalSection(ProjectConfigurationPlatforms) = postSolution
		{FF1C7139-8113-48B9-A186-E514758BC18B}.Debug|Any CPU.ActiveCfg = Debug|Any CPU
		{FF1C7139-8113-48B9-A186-E514758BC18B}.Debug|Any CPU.Build.0 = Debug|Any CPU
		{FF1C7139-8113-48B9-A186-E514758BC18B}.Release|Any CPU.ActiveCfg = Release|Any CPU
		{FF1C7139-8113-48B9-A186-E514758BC18B}.Release|Any CPU.Build.0 = Release|Any CPU
		{07F21578-7FCD-441E-A7CF-755B69AFE416}.Debug|Any CPU.ActiveCfg = Debug|Any CPU
		{07F21578-7FCD-441E-A7CF-755B69AFE416}.Debug|Any CPU.Build.0 = Debug|Any CPU
		{07F21578-7FCD-441E-A7CF-755B69AFE416}.Release|Any CPU.ActiveCfg = Release|Any CPU
		{07F21578-7FCD-441E-A7CF-755B69AFE416}.Release|Any CPU.Build.0 = Release|Any CPU
		{6E5F24B1-FA82-4CC8-B888-7BC840956B23}.Debug|Any CPU.ActiveCfg = Debug|Any CPU
		{6E5F24B1-FA82-4CC8-B888-7BC840956B23}.Debug|Any CPU.Build.0 = Debug|Any CPU
		{6E5F24B1-FA82-4CC8-B888-7BC840956B23}.Release|Any CPU.ActiveCfg = Release|Any CPU
		{6E5F24B1-FA82-4CC8-B888-7BC840956B23}.Release|Any CPU.Build.0 = Release|Any CPU
		{E50992AC-B28D-461C-B39F-4E87FD876C5A}.Debug|Any CPU.ActiveCfg = Debug|Any CPU
		{E50992AC-B28D-461C-B39F-4E87FD876C5A}.Debug|Any CPU.Build.0 = Debug|Any CPU
		{E50992AC-B28D-461C-B39F-4E87FD876C5A}.Release|Any CPU.ActiveCfg = Release|Any CPU
		{E50992AC-B28D-461C-B39F-4E87FD876C5A}.Release|Any CPU.Build.0 = Release|Any CPU
		{D166B8E5-E084-4CF2-B6D2-BFCA4B43D144}.Debug|Any CPU.ActiveCfg = Debug|Any CPU
		{D166B8E5-E084-4CF2-B6D2-BFCA4B43D144}.Debug|Any CPU.Build.0 = Debug|Any CPU
		{D166B8E5-E084-4CF2-B6D2-BFCA4B43D144}.Release|Any CPU.ActiveCfg = Release|Any CPU
		{D166B8E5-E084-4CF2-B6D2-BFCA4B43D144}.Release|Any CPU.Build.0 = Release|Any CPU
		{DC6CD1AC-4104-40CC-949F-3F5316A900A8}.Debug|Any CPU.ActiveCfg = Debug|Any CPU
		{DC6CD1AC-4104-40CC-949F-3F5316A900A8}.Debug|Any CPU.Build.0 = Debug|Any CPU
		{DC6CD1AC-4104-40CC-949F-3F5316A900A8}.Release|Any CPU.ActiveCfg = Release|Any CPU
		{DC6CD1AC-4104-40CC-949F-3F5316A900A8}.Release|Any CPU.Build.0 = Release|Any CPU
	EndGlobalSection
	GlobalSection(SolutionProperties) = preSolution
		HideSolutionNode = FALSE
	EndGlobalSection
	GlobalSection(ExtensibilityGlobals) = postSolution
		SolutionGuid = {0539A0C0-8010-4C08-B956-9D891DA08321}
	EndGlobalSection
EndGlobal
